
Microsoft Visual Studio Solution File, Format Version 12.00
# Visual Studio Version 17
VisualStudioVersion = 17.7.34024.191
MinimumVisualStudioVersion = 10.0.40219.1
Project("{9A19103F-16F7-4668-BE54-9A1E7A4F7556}") = "SamsonServer", "SamsonServer\SamsonServer.csproj", "{63418DDE-0E0A-481F-8B09-B92190AA4D62}"
EndProject
Project("{9A19103F-16F7-4668-BE54-9A1E7A4F7556}") = "SamsonServerClient", "SamsonServerClient\SamsonServerClient.csproj", "{3571642F-B6D9-48EA-BAE0-65A18E106A6C}"
EndProject
Project("{9A19103F-16F7-4668-BE54-9A1E7A4F7556}") = "SamsonActionModel", "SamsonActionModel\SamsonActionModel.csproj", "{ACDC65A7-D18E-4831-BE7A-D931470ABC39}"
EndProject
Project("{9A19103F-16F7-4668-BE54-9A1E7A4F7556}") = "SamsonCommon", "SamsonCommon\SamsonCommon.csproj", "{E232161E-8F1B-4B01-AAF4-A7843B984507}"
EndProject
Project("{FAE04EC0-301F-11D3-BF4B-00C04F79EFBC}") = "SamsonClient", "SamsonClient\SamsonClient.csproj", "{4FDCFACB-BFD2-4CC0-BE9A-C9DFA89AB5F4}"
EndProject
Global
	GlobalSection(SolutionConfigurationPlatforms) = preSolution
		Debug|Any CPU = Debug|Any CPU
		Release|Any CPU = Release|Any CPU
	EndGlobalSection
	GlobalSection(ProjectConfigurationPlatforms) = postSolution
		{63418DDE-0E0A-481F-8B09-B92190AA4D62}.Debug|Any CPU.ActiveCfg = Debug|Any CPU
		{63418DDE-0E0A-481F-8B09-B92190AA4D62}.Debug|Any CPU.Build.0 = Debug|Any CPU
		{63418DDE-0E0A-481F-8B09-B92190AA4D62}.Release|Any CPU.ActiveCfg = Release|Any CPU
		{63418DDE-0E0A-481F-8B09-B92190AA4D62}.Release|Any CPU.Build.0 = Release|Any CPU
		{3571642F-B6D9-48EA-BAE0-65A18E106A6C}.Debug|Any CPU.ActiveCfg = Debug|Any CPU
		{3571642F-B6D9-48EA-BAE0-65A18E106A6C}.Debug|Any CPU.Build.0 = Debug|Any CPU
		{3571642F-B6D9-48EA-BAE0-65A18E106A6C}.Release|Any CPU.ActiveCfg = Release|Any CPU
		{3571642F-B6D9-48EA-BAE0-65A18E106A6C}.Release|Any CPU.Build.0 = Release|Any CPU
		{ACDC65A7-D18E-4831-BE7A-D931470ABC39}.Debug|Any CPU.ActiveCfg = Debug|Any CPU
		{ACDC65A7-D18E-4831-BE7A-D931470ABC39}.Debug|Any CPU.Build.0 = Debug|Any CPU
		{ACDC65A7-D18E-4831-BE7A-D931470ABC39}.Release|Any CPU.ActiveCfg = Release|Any CPU
		{ACDC65A7-D18E-4831-BE7A-D931470ABC39}.Release|Any CPU.Build.0 = Release|Any CPU
		{E232161E-8F1B-4B01-AAF4-A7843B984507}.Debug|Any CPU.ActiveCfg = Debug|Any CPU
		{E232161E-8F1B-4B01-AAF4-A7843B984507}.Debug|Any CPU.Build.0 = Debug|Any CPU
		{E232161E-8F1B-4B01-AAF4-A7843B984507}.Release|Any CPU.ActiveCfg = Release|Any CPU
		{E232161E-8F1B-4B01-AAF4-A7843B984507}.Release|Any CPU.Build.0 = Release|Any CPU
		{4FDCFACB-BFD2-4CC0-BE9A-C9DFA89AB5F4}.Debug|Any CPU.ActiveCfg = Debug|Any CPU
		{4FDCFACB-BFD2-4CC0-BE9A-C9DFA89AB5F4}.Debug|Any CPU.Build.0 = Debug|Any CPU
		{4FDCFACB-BFD2-4CC0-BE9A-C9DFA89AB5F4}.Release|Any CPU.ActiveCfg = Release|Any CPU
		{4FDCFACB-BFD2-4CC0-BE9A-C9DFA89AB5F4}.Release|Any CPU.Build.0 = Release|Any CPU
	EndGlobalSection
	GlobalSection(SolutionProperties) = preSolution
		HideSolutionNode = FALSE
	EndGlobalSection
	GlobalSection(ExtensibilityGlobals) = postSolution
		SolutionGuid = {2BC43BD6-2BBF-464F-B305-B0207BA4B6A7}
	EndGlobalSection
EndGlobal
