
Microsoft Visual Studio Solution File, Format Version 12.00
# Visual Studio Version 17
VisualStudioVersion = 17.7.34024.191
MinimumVisualStudioVersion = 10.0.40219.1
Project("{9A19103F-16F7-4668-BE54-9A1E7A4F7556}") = "SamsonConsoleApp", "SamsonConsoleApp\SamsonConsoleApp.csproj", "{9E34BD01-5FC1-4155-9B2A-ADC9AE788B63}"
EndProject
Project("{9A19103F-16F7-4668-BE54-9A1E7A4F7556}") = "SamsonAIClient", "SamsonAIClient\SamsonAIClient.csproj", "{99C1BC3C-9C6D-4F18-8261-4ECE84EB7B0C}"
EndProject
Global
	GlobalSection(SolutionConfigurationPlatforms) = preSolution
		Debug|Any CPU = Debug|Any CPU
		Release|Any CPU = Release|Any CPU
	EndGlobalSection
	GlobalSection(ProjectConfigurationPlatforms) = postSolution
		{9E34BD01-5FC1-4155-9B2A-ADC9AE788B63}.Debug|Any CPU.ActiveCfg = Debug|Any CPU
		{9E34BD01-5FC1-4155-9B2A-ADC9AE788B63}.Debug|Any CPU.Build.0 = Debug|Any CPU
		{9E34BD01-5FC1-4155-9B2A-ADC9AE788B63}.Release|Any CPU.ActiveCfg = Release|Any CPU
		{9E34BD01-5FC1-4155-9B2A-ADC9AE788B63}.Release|Any CPU.Build.0 = Release|Any CPU
		{99C1BC3C-9C6D-4F18-8261-4ECE84EB7B0C}.Debug|Any CPU.ActiveCfg = Debug|Any CPU
		{99C1BC3C-9C6D-4F18-8261-4ECE84EB7B0C}.Debug|Any CPU.Build.0 = Debug|Any CPU
		{99C1BC3C-9C6D-4F18-8261-4ECE84EB7B0C}.Release|Any CPU.ActiveCfg = Release|Any CPU
		{99C1BC3C-9C6D-4F18-8261-4ECE84EB7B0C}.Release|Any CPU.Build.0 = Release|Any CPU
	EndGlobalSection
	GlobalSection(SolutionProperties) = preSolution
		HideSolutionNode = FALSE
	EndGlobalSection
	GlobalSection(ExtensibilityGlobals) = postSolution
		SolutionGuid = {2BC43BD6-2BBF-464F-B305-B0207BA4B6A7}
	EndGlobalSection
EndGlobal
